// !$*UTF8*$!
{
	archiveVersion = 1;
	classes = {
	};
	objectVersion = 50;
	objects = {

/* Begin PBXBuildFile section */
		3163172D21C110D70032E4D3 /* AppDelegate.swift in Sources */ = {isa = PBXBuildFile; fileRef = 3163172C21C110D70032E4D3 /* AppDelegate.swift */; };
		3163172F21C110D70032E4D3 /* ViewController.swift in Sources */ = {isa = PBXBuildFile; fileRef = 3163172E21C110D70032E4D3 /* ViewController.swift */; };
		3163173221C110D70032E4D3 /* Main.storyboard in Resources */ = {isa = PBXBuildFile; fileRef = 3163173021C110D70032E4D3 /* Main.storyboard */; };
		3163173421C110D90032E4D3 /* Assets.xcassets in Resources */ = {isa = PBXBuildFile; fileRef = 3163173321C110D90032E4D3 /* Assets.xcassets */; };
		3163173721C110D90032E4D3 /* LaunchScreen.storyboard in Resources */ = {isa = PBXBuildFile; fileRef = 3163173521C110D90032E4D3 /* LaunchScreen.storyboard */; };
		3163174221C110D90032E4D3 /* TestTests.swift in Sources */ = {isa = PBXBuildFile; fileRef = 3163174121C110D90032E4D3 /* TestTests.swift */; };
		3163174D21C110D90032E4D3 /* TestUITests.swift in Sources */ = {isa = PBXBuildFile; fileRef = 3163174C21C110D90032E4D3 /* TestUITests.swift */; };
/* End PBXBuildFile section */

/* Begin PBXContainerItemProxy section */
		3163173E21C110D90032E4D3 /* PBXContainerItemProxy */ = {
			isa = PBXContainerItemProxy;
			containerPortal = 3163172121C110D70032E4D3 /* Project object */;
			proxyType = 1;
			remoteGlobalIDString = 3163172821C110D70032E4D3;
			remoteInfo = Test;
		};
		3163174921C110D90032E4D3 /* PBXContainerItemProxy */ = {
			isa = PBXContainerItemProxy;
			containerPortal = 3163172121C110D70032E4D3 /* Project object */;
			proxyType = 1;
			remoteGlobalIDString = 3163172821C110D70032E4D3;
			remoteInfo = Test;
		};
/* End PBXContainerItemProxy section */

/* Begin PBXFileReference section */
		3163172921C110D70032E4D3 /* Test.app */ = {isa = PBXFileReference; explicitFileType = wrapper.application; includeInIndex = 0; path = Test.app; sourceTree = BUILT_PRODUCTS_DIR; };
		3163172C21C110D70032E4D3 /* AppDelegate.swift */ = {isa = PBXFileReference; lastKnownFileType = sourcecode.swift; path = AppDelegate.swift; sourceTree = "<group>"; };
		3163172E21C110D70032E4D3 /* ViewController.swift */ = {isa = PBXFileReference; lastKnownFileType = sourcecode.swift; path = ViewController.swift; sourceTree = "<group>"; };
		3163173121C110D70032E4D3 /* Base */ = {isa = PBXFileReference; lastKnownFileType = file.storyboard; name = Base; path = Base.lproj/Main.storyboard; sourceTree = "<group>"; };
		3163173321C110D90032E4D3 /* Assets.xcassets */ = {isa = PBXFileReference; lastKnownFileType = folder.assetcatalog; path = Assets.xcassets; sourceTree = "<group>"; };
		3163173621C110D90032E4D3 /* Base */ = {isa = PBXFileReference; lastKnownFileType = file.storyboard; name = Base; path = Base.lproj/LaunchScreen.storyboard; sourceTree = "<group>"; };
		3163173821C110D90032E4D3 /* Info.plist */ = {isa = PBXFileReference; lastKnownFileType = text.plist.xml; path = Info.plist; sourceTree = "<group>"; };
		3163173D21C110D90032E4D3 /* TestTests.xctest */ = {isa = PBXFileReference; explicitFileType = wrapper.cfbundle; includeInIndex = 0; path = TestTests.xctest; sourceTree = BUILT_PRODUCTS_DIR; };
		3163174121C110D90032E4D3 /* TestTests.swift */ = {isa = PBXFileReference; lastKnownFileType = sourcecode.swift; path = TestTests.swift; sourceTree = "<group>"; };
		3163174321C110D90032E4D3 /* Info.plist */ = {isa = PBXFileReference; lastKnownFileType = text.plist.xml; path = Info.plist; sourceTree = "<group>"; };
		3163174821C110D90032E4D3 /* TestUITests.xctest */ = {isa = PBXFileReference; explicitFileType = wrapper.cfbundle; includeInIndex = 0; path = TestUITests.xctest; sourceTree = BUILT_PRODUCTS_DIR; };
		3163174C21C110D90032E4D3 /* TestUITests.swift */ = {isa = PBXFileReference; lastKnownFileType = sourcecode.swift; path = TestUITests.swift; sourceTree = "<group>"; };
		3163174E21C110D90032E4D3 /* Info.plist */ = {isa = PBXFileReference; lastKnownFileType = text.plist.xml; path = Info.plist; sourceTree = "<group>"; };
/* End PBXFileReference section */

/* Begin PBXFrameworksBuildPhase section */
		3163172621C110D70032E4D3 /* Frameworks */ = {
			isa = PBXFrameworksBuildPhase;
			buildActionMask = 2147483647;
			files = (
			);
			runOnlyForDeploymentPostprocessing = 0;
		};
		3163173A21C110D90032E4D3 /* Frameworks */ = {
			isa = PBXFrameworksBuildPhase;
			buildActionMask = 2147483647;
			files = (
			);
			runOnlyForDeploymentPostprocessing = 0;
		};
		3163174521C110D90032E4D3 /* Frameworks */ = {
			isa = PBXFrameworksBuildPhase;
			buildActionMask = 2147483647;
			files = (
			);
			runOnlyForDeploymentPostprocessing = 0;
		};
/* End PBXFrameworksBuildPhase section */

/* Begin PBXGroup section */
		3163172021C110D70032E4D3 = {
			isa = PBXGroup;
			children = (
				3163172B21C110D70032E4D3 /* Test */,
				3163174021C110D90032E4D3 /* TestTests */,
				3163174B21C110D90032E4D3 /* TestUITests */,
				3163172A21C110D70032E4D3 /* Products */,
			);
			sourceTree = "<group>";
		};
		3163172A21C110D70032E4D3 /* Products */ = {
			isa = PBXGroup;
			children = (
				3163172921C110D70032E4D3 /* Test.app */,
				3163173D21C110D90032E4D3 /* TestTests.xctest */,
				3163174821C110D90032E4D3 /* TestUITests.xctest */,
			);
			name = Products;
			sourceTree = "<group>";
		};
		3163172B21C110D70032E4D3 /* Test */ = {
			isa = PBXGroup;
			children = (
				3163172C21C110D70032E4D3 /* AppDelegate.swift */,
				3163172E21C110D70032E4D3 /* ViewController.swift */,
				3163173021C110D70032E4D3 /* Main.storyboard */,
				3163173321C110D90032E4D3 /* Assets.xcassets */,
				3163173521C110D90032E4D3 /* LaunchScreen.storyboard */,
				3163173821C110D90032E4D3 /* Info.plist */,
			);
			path = Test;
			sourceTree = "<group>";
		};
		3163174021C110D90032E4D3 /* TestTests */ = {
			isa = PBXGroup;
			children = (
				3163174121C110D90032E4D3 /* TestTests.swift */,
				3163174321C110D90032E4D3 /* Info.plist */,
			);
			path = TestTests;
			sourceTree = "<group>";
		};
		3163174B21C110D90032E4D3 /* TestUITests */ = {
			isa = PBXGroup;
			children = (
				3163174C21C110D90032E4D3 /* TestUITests.swift */,
				3163174E21C110D90032E4D3 /* Info.plist */,
			);
			path = TestUITests;
			sourceTree = "<group>";
		};
/* End PBXGroup section */

/* Begin PBXNativeTarget section */
		3163172821C110D70032E4D3 /* Test */ = {
			isa = PBXNativeTarget;
			buildConfigurationList = 3163175121C110D90032E4D3 /* Build configuration list for PBXNativeTarget "Test" */;
			buildPhases = (
				3163172521C110D70032E4D3 /* Sources */,
				3163172621C110D70032E4D3 /* Frameworks */,
				3163172721C110D70032E4D3 /* Resources */,
			);
			buildRules = (
			);
			dependencies = (
			);
			name = Test;
			productName = Test;
			productReference = 3163172921C110D70032E4D3 /* Test.app */;
			productType = "com.apple.product-type.application";
		};
		3163173C21C110D90032E4D3 /* TestTests */ = {
			isa = PBXNativeTarget;
			buildConfigurationList = 3163175421C110D90032E4D3 /* Build configuration list for PBXNativeTarget "TestTests" */;
			buildPhases = (
				3163173921C110D90032E4D3 /* Sources */,
				3163173A21C110D90032E4D3 /* Frameworks */,
				3163173B21C110D90032E4D3 /* Resources */,
			);
			buildRules = (
			);
			dependencies = (
				3163173F21C110D90032E4D3 /* PBXTargetDependency */,
			);
			name = TestTests;
			productName = TestTests;
			productReference = 3163173D21C110D90032E4D3 /* TestTests.xctest */;
			productType = "com.apple.product-type.bundle.unit-test";
		};
		3163174721C110D90032E4D3 /* TestUITests */ = {
			isa = PBXNativeTarget;
			buildConfigurationList = 3163175721C110D90032E4D3 /* Build configuration list for PBXNativeTarget "TestUITests" */;
			buildPhases = (
				3163174421C110D90032E4D3 /* Sources */,
				3163174521C110D90032E4D3 /* Frameworks */,
				3163174621C110D90032E4D3 /* Resources */,
			);
			buildRules = (
			);
			dependencies = (
				3163174A21C110D90032E4D3 /* PBXTargetDependency */,
			);
			name = TestUITests;
			productName = TestUITests;
			productReference = 3163174821C110D90032E4D3 /* TestUITests.xctest */;
			productType = "com.apple.product-type.bundle.ui-testing";
		};
/* End PBXNativeTarget section */

/* Begin PBXProject section */
		3163172121C110D70032E4D3 /* Project object */ = {
			isa = PBXProject;
			attributes = {
				LastSwiftUpdateCheck = 0940;
				LastUpgradeCheck = 0940;
				ORGANIZATIONNAME = flowerflower;
				TargetAttributes = {
					3163172821C110D70032E4D3 = {
						CreatedOnToolsVersion = 9.4;
					};
					3163173C21C110D90032E4D3 = {
						CreatedOnToolsVersion = 9.4;
						TestTargetID = 3163172821C110D70032E4D3;
					};
					3163174721C110D90032E4D3 = {
						CreatedOnToolsVersion = 9.4;
						TestTargetID = 3163172821C110D70032E4D3;
					};
				};
			};
			buildConfigurationList = 3163172421C110D70032E4D3 /* Build configuration list for PBXProject "Test" */;
			compatibilityVersion = "Xcode 9.3";
			developmentRegion = en;
			hasScannedForEncodings = 0;
			knownRegions = (
				en,
				Base,
			);
			mainGroup = 3163172021C110D70032E4D3;
			productRefGroup = 3163172A21C110D70032E4D3 /* Products */;
			projectDirPath = "";
			projectRoot = "";
			targets = (
				3163172821C110D70032E4D3 /* Test */,
				3163173C21C110D90032E4D3 /* TestTests */,
				3163174721C110D90032E4D3 /* TestUITests */,
			);
		};
/* End PBXProject section */

/* Begin PBXResourcesBuildPhase section */
		3163172721C110D70032E4D3 /* Resources */ = {
			isa = PBXResourcesBuildPhase;
			buildActionMask = 2147483647;
			files = (
				3163173721C110D90032E4D3 /* LaunchScreen.storyboard in Resources */,
				3163173421C110D90032E4D3 /* Assets.xcassets in Resources */,
				3163173221C110D70032E4D3 /* Main.storyboard in Resources */,
			);
			runOnlyForDeploymentPostprocessing = 0;
		};
		3163173B21C110D90032E4D3 /* Resources */ = {
			isa = PBXResourcesBuildPhase;
			buildActionMask = 2147483647;
			files = (
			);
			runOnlyForDeploymentPostprocessing = 0;
		};
		3163174621C110D90032E4D3 /* Resources */ = {
			isa = PBXResourcesBuildPhase;
			buildActionMask = 2147483647;
			files = (
			);
			runOnlyForDeploymentPostprocessing = 0;
		};
/* End PBXResourcesBuildPhase section */

/* Begin PBXSourcesBuildPhase section */
		3163172521C110D70032E4D3 /* Sources */ = {
			isa = PBXSourcesBuildPhase;
			buildActionMask = 2147483647;
			files = (
				3163172F21C110D70032E4D3 /* ViewController.swift in Sources */,
				3163172D21C110D70032E4D3 /* AppDelegate.swift in Sources */,
			);
			runOnlyForDeploymentPostprocessing = 0;
		};
		3163173921C110D90032E4D3 /* Sources */ = {
			isa = PBXSourcesBuildPhase;
			buildActionMask = 2147483647;
			files = (
				3163174221C110D90032E4D3 /* TestTests.swift in Sources */,
			);
			runOnlyForDeploymentPostprocessing = 0;
		};
		3163174421C110D90032E4D3 /* Sources */ = {
			isa = PBXSourcesBuildPhase;
			buildActionMask = 2147483647;
			files = (
				3163174D21C110D90032E4D3 /* TestUITests.swift in Sources */,
			);
			runOnlyForDeploymentPostprocessing = 0;
		};
/* End PBXSourcesBuildPhase section */

/* Begin PBXTargetDependency section */
		3163173F21C110D90032E4D3 /* PBXTargetDependency */ = {
			isa = PBXTargetDependency;
			target = 3163172821C110D70032E4D3 /* Test */;
			targetProxy = 3163173E21C110D90032E4D3 /* PBXContainerItemProxy */;
		};
		3163174A21C110D90032E4D3 /* PBXTargetDependency */ = {
			isa = PBXTargetDependency;
			target = 3163172821C110D70032E4D3 /* Test */;
			targetProxy = 3163174921C110D90032E4D3 /* PBXContainerItemProxy */;
		};
/* End PBXTargetDependency section */

/* Begin PBXVariantGroup section */
		3163173021C110D70032E4D3 /* Main.storyboard */ = {
			isa = PBXVariantGroup;
			children = (
				3163173121C110D70032E4D3 /* Base */,
			);
			name = Main.storyboard;
			sourceTree = "<group>";
		};
		3163173521C110D90032E4D3 /* LaunchScreen.storyboard */ = {
			isa = PBXVariantGroup;
			children = (
				3163173621C110D90032E4D3 /* Base */,
			);
			name = LaunchScreen.storyboard;
			sourceTree = "<group>";
		};
/* End PBXVariantGroup section */

/* Begin XCBuildConfiguration section */
		3163174F21C110D90032E4D3 /* Debug */ = {
			isa = XCBuildConfiguration;
			buildSettings = {
				ALWAYS_SEARCH_USER_PATHS = NO;
				CLANG_ANALYZER_NONNULL = YES;
				CLANG_ANALYZER_NUMBER_OBJECT_CONVERSION = YES_AGGRESSIVE;
				CLANG_CXX_LANGUAGE_STANDARD = "gnu++14";
				CLANG_CXX_LIBRARY = "libc++";
				CLANG_ENABLE_MODULES = YES;
				CLANG_ENABLE_OBJC_ARC = YES;
				CLANG_ENABLE_OBJC_WEAK = YES;
				CLANG_WARN_BLOCK_CAPTURE_AUTORELEASING = YES;
				CLANG_WARN_BOOL_CONVERSION = YES;
				CLANG_WARN_COMMA = YES;
				CLANG_WARN_CONSTANT_CONVERSION = YES;
				CLANG_WARN_DEPRECATED_OBJC_IMPLEMENTATIONS = YES;
				CLANG_WARN_DIRECT_OBJC_ISA_USAGE = YES_ERROR;
				CLANG_WARN_DOCUMENTATION_COMMENTS = YES;
				CLANG_WARN_EMPTY_BODY = YES;
				CLANG_WARN_ENUM_CONVERSION = YES;
				CLANG_WARN_INFINITE_RECURSION = YES;
				CLANG_WARN_INT_CONVERSION = YES;
				CLANG_WARN_NON_LITERAL_NULL_CONVERSION = YES;
				CLANG_WARN_OBJC_IMPLICIT_RETAIN_SELF = YES;
				CLANG_WARN_OBJC_LITERAL_CONVERSION = YES;
				CLANG_WARN_OBJC_ROOT_CLASS = YES_ERROR;
				CLANG_WARN_RANGE_LOOP_ANALYSIS = YES;
				CLANG_WARN_STRICT_PROTOTYPES = YES;
				CLANG_WARN_SUSPICIOUS_MOVE = YES;
				CLANG_WARN_UNGUARDED_AVAILABILITY = YES_AGGRESSIVE;
				CLANG_WARN_UNREACHABLE_CODE = YES;
				CLANG_WARN__DUPLICATE_METHOD_MATCH = YES;
				CODE_SIGN_IDENTITY = "iPhone Developer";
				COPY_PHASE_STRIP = NO;
				DEBUG_INFORMATION_FORMAT = dwarf;
				ENABLE_STRICT_OBJC_MSGSEND = YES;
				ENABLE_TESTABILITY = YES;
				GCC_C_LANGUAGE_STANDARD = gnu11;
				GCC_DYNAMIC_NO_PIC = NO;
				GCC_NO_COMMON_BLOCKS = YES;
				GCC_OPTIMIZATION_LEVEL = 0;
				GCC_PREPROCESSOR_DEFINITIONS = (
					"DEBUG=1",
					"$(inherited)",
				);
				GCC_WARN_64_TO_32_BIT_CONVERSION = YES;
				GCC_WARN_ABOUT_RETURN_TYPE = YES_ERROR;
				GCC_WARN_UNDECLARED_SELECTOR = YES;
				GCC_WARN_UNINITIALIZED_AUTOS = YES_AGGRESSIVE;
				GCC_WARN_UNUSED_FUNCTION = YES;
				GCC_WARN_UNUSED_VARIABLE = YES;
				IPHONEOS_DEPLOYMENT_TARGET = 11.4;
				MTL_ENABLE_DEBUG_INFO = YES;
				ONLY_ACTIVE_ARCH = YES;
				SDKROOT = iphoneos;
				SWIFT_ACTIVE_COMPILATION_CONDITIONS = DEBUG;
				SWIFT_OPTIMIZATION_LEVEL = "-Onone";
			};
			name = Debug;
		};
		3163175021C110D90032E4D3 /* Release */ = {
			isa = XCBuildConfiguration;
			buildSettings = {
				ALWAYS_SEARCH_USER_PATHS = NO;
				CLANG_ANALYZER_NONNULL = YES;
				CLANG_ANALYZER_NUMBER_OBJECT_CONVERSION = YES_AGGRESSIVE;
				CLANG_CXX_LANGUAGE_STANDARD = "gnu++14";
				CLANG_CXX_LIBRARY = "libc++";
				CLANG_ENABLE_MODULES = YES;
				CLANG_ENABLE_OBJC_ARC = YES;
				CLANG_ENABLE_OBJC_WEAK = YES;
				CLANG_WARN_BLOCK_CAPTURE_AUTORELEASING = YES;
				CLANG_WARN_BOOL_CONVERSION = YES;
				CLANG_WARN_COMMA = YES;
				CLANG_WARN_CONSTANT_CONVERSION = YES;
				CLANG_WARN_DEPRECATED_OBJC_IMPLEMENTATIONS = YES;
				CLANG_WARN_DIRECT_OBJC_ISA_USAGE = YES_ERROR;
				CLANG_WARN_DOCUMENTATION_COMMENTS = YES;
				CLANG_WARN_EMPTY_BODY = YES;
				CLANG_WARN_ENUM_CONVERSION = YES;
				CLANG_WARN_INFINITE_RECURSION = YES;
				CLANG_WARN_INT_CONVERSION = YES;
				CLANG_WARN_NON_LITERAL_NULL_CONVERSION = YES;
				CLANG_WARN_OBJC_IMPLICIT_RETAIN_SELF = YES;
				CLANG_WARN_OBJC_LITERAL_CONVERSION = YES;
				CLANG_WARN_OBJC_ROOT_CLASS = YES_ERROR;
				CLANG_WARN_RANGE_LOOP_ANALYSIS = YES;
				CLANG_WARN_STRICT_PROTOTYPES = YES;
				CLANG_WARN_SUSPICIOUS_MOVE = YES;
				CLANG_WARN_UNGUARDED_AVAILABILITY = YES_AGGRESSIVE;
				CLANG_WARN_UNREACHABLE_CODE = YES;
				CLANG_WARN__DUPLICATE_METHOD_MATCH = YES;
				CODE_SIGN_IDENTITY = "iPhone Developer";
				COPY_PHASE_STRIP = NO;
				DEBUG_INFORMATION_FORMAT = "dwarf-with-dsym";
				ENABLE_NS_ASSERTIONS = NO;
				ENABLE_STRICT_OBJC_MSGSEND = YES;
				GCC_C_LANGUAGE_STANDARD = gnu11;
				GCC_NO_COMMON_BLOCKS = YES;
				GCC_WARN_64_TO_32_BIT_CONVERSION = YES;
				GCC_WARN_ABOUT_RETURN_TYPE = YES_ERROR;
				GCC_WARN_UNDECLARED_SELECTOR = YES;
				GCC_WARN_UNINITIALIZED_AUTOS = YES_AGGRESSIVE;
				GCC_WARN_UNUSED_FUNCTION = YES;
				GCC_WARN_UNUSED_VARIABLE = YES;
				IPHONEOS_DEPLOYMENT_TARGET = 11.4;
				MTL_ENABLE_DEBUG_INFO = NO;
				SDKROOT = iphoneos;
				SWIFT_COMPILATION_MODE = wholemodule;
				SWIFT_OPTIMIZATION_LEVEL = "-O";
				VALIDATE_PRODUCT = YES;
			};
			name = Release;
		};
		3163175221C110D90032E4D3 /* Debug */ = {
			isa = XCBuildConfiguration;
			buildSettings = {
				ASSETCATALOG_COMPILER_APPICON_NAME = AppIcon;
				CODE_SIGN_STYLE = Automatic;
				INFOPLIST_FILE = Test/Info.plist;
				LD_RUNPATH_SEARCH_PATHS = (
					"$(inherited)",
					"@executable_path/Frameworks",
				);
				PRODUCT_BUNDLE_IDENTIFIER = flowerflower.Test;
				PRODUCT_NAME = "$(TARGET_NAME)";
				SWIFT_VERSION = 4.0;
				TARGETED_DEVICE_FAMILY = "1,2";
			};
			name = Debug;
		};
		3163175321C110D90032E4D3 /* Release */ = {
			isa = XCBuildConfiguration;
			buildSettings = {
				ASSETCATALOG_COMPILER_APPICON_NAME = AppIcon;
				CODE_SIGN_STYLE = Automatic;
				INFOPLIST_FILE = Test/Info.plist;
				LD_RUNPATH_SEARCH_PATHS = (
					"$(inherited)",
					"@executable_path/Frameworks",
				);
				PRODUCT_BUNDLE_IDENTIFIER = flowerflower.Test;
				PRODUCT_NAME = "$(TARGET_NAME)";
				SWIFT_VERSION = 4.0;
				TARGETED_DEVICE_FAMILY = "1,2";
			};
			name = Release;
		};
		3163175521C110D90032E4D3 /* Debug */ = {
			isa = XCBuildConfiguration;
			buildSettings = {
				ALWAYS_EMBED_SWIFT_STANDARD_LIBRARIES = YES;
				BUNDLE_LOADER = "$(TEST_HOST)";
				CODE_SIGN_STYLE = Automatic;
				INFOPLIST_FILE = TestTests/Info.plist;
				LD_RUNPATH_SEARCH_PATHS = (
					"$(inherited)",
					"@executable_path/Frameworks",
					"@loader_path/Frameworks",
				);
				PRODUCT_BUNDLE_IDENTIFIER = flowerflower.TestTests;
				PRODUCT_NAME = "$(TARGET_NAME)";
				SWIFT_VERSION = 4.0;
				TARGETED_DEVICE_FAMILY = "1,2";
				TEST_HOST = "$(BUILT_PRODUCTS_DIR)/Test.app/Test";
			};
			name = Debug;
		};
		3163175621C110D90032E4D3 /* Release */ = {
			isa = XCBuildConfiguration;
			buildSettings = {
				ALWAYS_EMBED_SWIFT_STANDARD_LIBRARIES = YES;
				BUNDLE_LOADER = "$(TEST_HOST)";
				CODE_SIGN_STYLE = Automatic;
				INFOPLIST_FILE = TestTests/Info.plist;
				LD_RUNPATH_SEARCH_PATHS = (
					"$(inherited)",
					"@executable_path/Frameworks",
					"@loader_path/Frameworks",
				);
				PRODUCT_BUNDLE_IDENTIFIER = flowerflower.TestTests;
				PRODUCT_NAME = "$(TARGET_NAME)";
				SWIFT_VERSION = 4.0;
				TARGETED_DEVICE_FAMILY = "1,2";
				TEST_HOST = "$(BUILT_PRODUCTS_DIR)/Test.app/Test";
			};
			name = Release;
		};
		3163175821C110D90032E4D3 /* Debug */ = {
			isa = XCBuildConfiguration;
			buildSettings = {
				ALWAYS_EMBED_SWIFT_STANDARD_LIBRARIES = YES;
				CODE_SIGN_STYLE = Automatic;
				INFOPLIST_FILE = TestUITests/Info.plist;
				LD_RUNPATH_SEARCH_PATHS = (
					"$(inherited)",
					"@executable_path/Frameworks",
					"@loader_path/Frameworks",
				);
				PRODUCT_BUNDLE_IDENTIFIER = flowerflower.TestUITests;
				PRODUCT_NAME = "$(TARGET_NAME)";
				SWIFT_VERSION = 4.0;
				TARGETED_DEVICE_FAMILY = "1,2";
				TEST_TARGET_NAME = Test;
			};
			name = Debug;
		};
		3163175921C110D90032E4D3 /* Release */ = {
			isa = XCBuildConfiguration;
			buildSettings = {
				ALWAYS_EMBED_SWIFT_STANDARD_LIBRARIES = YES;
				CODE_SIGN_STYLE = Automatic;
				INFOPLIST_FILE = TestUITests/Info.plist;
				LD_RUNPATH_SEARCH_PATHS = (
					"$(inherited)",
					"@executable_path/Frameworks",
					"@loader_path/Frameworks",
				);
				PRODUCT_BUNDLE_IDENTIFIER = flowerflower.TestUITests;
				PRODUCT_NAME = "$(TARGET_NAME)";
				SWIFT_VERSION = 4.0;
				TARGETED_DEVICE_FAMILY = "1,2";
				TEST_TARGET_NAME = Test;
			};
			name = Release;
		};
/* End XCBuildConfiguration section */

/* Begin XCConfigurationList section */
		3163172421C110D70032E4D3 /* Build configuration list for PBXProject "Test" */ = {
			isa = XCConfigurationList;
			buildConfigurations = (
				3163174F21C110D90032E4D3 /* Debug */,
				3163175021C110D90032E4D3 /* Release */,
			);
			defaultConfigurationIsVisible = 0;
			defaultConfigurationName = Release;
		};
		3163175121C110D90032E4D3 /* Build configuration list for PBXNativeTarget "Test" */ = {
			isa = XCConfigurationList;
			buildConfigurations = (
				3163175221C110D90032E4D3 /* Debug */,
				3163175321C110D90032E4D3 /* Release */,
			);
			defaultConfigurationIsVisible = 0;
			defaultConfigurationName = Release;
		};
		3163175421C110D90032E4D3 /* Build configuration list for PBXNativeTarget "TestTests" */ = {
			isa = XCConfigurationList;
			buildConfigurations = (
				3163175521C110D90032E4D3 /* Debug */,
				3163175621C110D90032E4D3 /* Release */,
			);
			defaultConfigurationIsVisible = 0;
			defaultConfigurationName = Release;
		};
		3163175721C110D90032E4D3 /* Build configuration list for PBXNativeTarget "TestUITests" */ = {
			isa = XCConfigurationList;
			buildConfigurations = (
				3163175821C110D90032E4D3 /* Debug */,
				3163175921C110D90032E4D3 /* Release */,
			);
			defaultConfigurationIsVisible = 0;
			defaultConfigurationName = Release;
		};
/* End XCConfigurationList section */
	};
	rootObject = 3163172121C110D70032E4D3 /* Project object */;
}
